// !$*UTF8*$!
{
	archiveVersion = 1;
	classes = {
	};
	objectVersion = 55;
	objects = {

/* Begin PBXBuildFile section */
		862CC6D028F400B700AAA703 /* MinimalistBudgetApp.swift in Sources */ = {isa = PBXBuildFile; fileRef = 862CC6CF28F400B700AAA703 /* MinimalistBudgetApp.swift */; };
		862CC6D228F400B700AAA703 /* HomeView.swift in Sources */ = {isa = PBXBuildFile; fileRef = 862CC6D128F400B700AAA703 /* HomeView.swift */; };
		862CC6D428F400B900AAA703 /* Assets.xcassets in Resources */ = {isa = PBXBuildFile; fileRef = 862CC6D328F400B900AAA703 /* Assets.xcassets */; };
		862CC6D728F400B900AAA703 /* Preview Assets.xcassets in Resources */ = {isa = PBXBuildFile; fileRef = 862CC6D628F400B900AAA703 /* Preview Assets.xcassets */; };
		862CC6DF28F403BF00AAA703 /* Realm in Frameworks */ = {isa = PBXBuildFile; productRef = 862CC6DE28F403BF00AAA703 /* Realm */; };
		862CC6E128F403BF00AAA703 /* RealmSwift in Frameworks */ = {isa = PBXBuildFile; productRef = 862CC6E028F403BF00AAA703 /* RealmSwift */; };
		862CC6E328F40BC300AAA703 /* String+Ext.swift in Sources */ = {isa = PBXBuildFile; fileRef = 862CC6E228F40BC300AAA703 /* String+Ext.swift */; };
		862CC6E528F40BD500AAA703 /* CategoryLine.swift in Sources */ = {isa = PBXBuildFile; fileRef = 862CC6E428F40BD500AAA703 /* CategoryLine.swift */; };
		862CC6E728F40C0A00AAA703 /* Title.swift in Sources */ = {isa = PBXBuildFile; fileRef = 862CC6E628F40C0A00AAA703 /* Title.swift */; };
		862CC6E928F40C1600AAA703 /* PlusButton.swift in Sources */ = {isa = PBXBuildFile; fileRef = 862CC6E828F40C1600AAA703 /* PlusButton.swift */; };
		862CC6EB28F40C4D00AAA703 /* AmountView.swift in Sources */ = {isa = PBXBuildFile; fileRef = 862CC6EA28F40C4D00AAA703 /* AmountView.swift */; };
		862CC6F328F40E7900AAA703 /* ProgressBar.swift in Sources */ = {isa = PBXBuildFile; fileRef = 862CC6F228F40E7900AAA703 /* ProgressBar.swift */; };
		862CC6F528F41A1D00AAA703 /* Double+Ext.swift in Sources */ = {isa = PBXBuildFile; fileRef = 862CC6F428F41A1D00AAA703 /* Double+Ext.swift */; };
		8655560128F4434D00B2EDEA /* Expense.swift in Sources */ = {isa = PBXBuildFile; fileRef = 8655560028F4434D00B2EDEA /* Expense.swift */; };
		8655560328F4519E00B2EDEA /* HomeViewViewModel.swift in Sources */ = {isa = PBXBuildFile; fileRef = 8655560228F4519E00B2EDEA /* HomeViewViewModel.swift */; };
/* End PBXBuildFile section */

/* Begin PBXFileReference section */
		862CC6CC28F400B700AAA703 /* MinimalistBudget.app */ = {isa = PBXFileReference; explicitFileType = wrapper.application; includeInIndex = 0; path = MinimalistBudget.app; sourceTree = BUILT_PRODUCTS_DIR; };
		862CC6CF28F400B700AAA703 /* MinimalistBudgetApp.swift */ = {isa = PBXFileReference; lastKnownFileType = sourcecode.swift; path = MinimalistBudgetApp.swift; sourceTree = "<group>"; };
		862CC6D128F400B700AAA703 /* HomeView.swift */ = {isa = PBXFileReference; lastKnownFileType = sourcecode.swift; path = HomeView.swift; sourceTree = "<group>"; };
		862CC6D328F400B900AAA703 /* Assets.xcassets */ = {isa = PBXFileReference; lastKnownFileType = folder.assetcatalog; path = Assets.xcassets; sourceTree = "<group>"; };
		862CC6D628F400B900AAA703 /* Preview Assets.xcassets */ = {isa = PBXFileReference; lastKnownFileType = folder.assetcatalog; path = "Preview Assets.xcassets"; sourceTree = "<group>"; };
		862CC6E228F40BC300AAA703 /* String+Ext.swift */ = {isa = PBXFileReference; lastKnownFileType = sourcecode.swift; path = "String+Ext.swift"; sourceTree = "<group>"; };
		862CC6E428F40BD500AAA703 /* CategoryLine.swift */ = {isa = PBXFileReference; lastKnownFileType = sourcecode.swift; path = CategoryLine.swift; sourceTree = "<group>"; };
		862CC6E628F40C0A00AAA703 /* Title.swift */ = {isa = PBXFileReference; lastKnownFileType = sourcecode.swift; path = Title.swift; sourceTree = "<group>"; };
		862CC6E828F40C1600AAA703 /* PlusButton.swift */ = {isa = PBXFileReference; lastKnownFileType = sourcecode.swift; path = PlusButton.swift; sourceTree = "<group>"; };
		862CC6EA28F40C4D00AAA703 /* AmountView.swift */ = {isa = PBXFileReference; lastKnownFileType = sourcecode.swift; path = AmountView.swift; sourceTree = "<group>"; };
		862CC6F228F40E7900AAA703 /* ProgressBar.swift */ = {isa = PBXFileReference; lastKnownFileType = sourcecode.swift; path = ProgressBar.swift; sourceTree = "<group>"; };
		862CC6F428F41A1D00AAA703 /* Double+Ext.swift */ = {isa = PBXFileReference; lastKnownFileType = sourcecode.swift; path = "Double+Ext.swift"; sourceTree = "<group>"; };
		8655560028F4434D00B2EDEA /* Expense.swift */ = {isa = PBXFileReference; lastKnownFileType = sourcecode.swift; path = Expense.swift; sourceTree = "<group>"; };
		8655560228F4519E00B2EDEA /* HomeViewViewModel.swift */ = {isa = PBXFileReference; lastKnownFileType = sourcecode.swift; path = HomeViewViewModel.swift; sourceTree = "<group>"; };
/* End PBXFileReference section */

/* Begin PBXFrameworksBuildPhase section */
		862CC6C928F400B700AAA703 /* Frameworks */ = {
			isa = PBXFrameworksBuildPhase;
			buildActionMask = 2147483647;
			files = (
				862CC6E128F403BF00AAA703 /* RealmSwift in Frameworks */,
				862CC6DF28F403BF00AAA703 /* Realm in Frameworks */,
			);
			runOnlyForDeploymentPostprocessing = 0;
		};
/* End PBXFrameworksBuildPhase section */

/* Begin PBXGroup section */
		862CC6C328F400B700AAA703 = {
			isa = PBXGroup;
			children = (
				862CC6CE28F400B700AAA703 /* MinimalistBudget */,
				862CC6CD28F400B700AAA703 /* Products */,
			);
			sourceTree = "<group>";
		};
		862CC6CD28F400B700AAA703 /* Products */ = {
			isa = PBXGroup;
			children = (
				862CC6CC28F400B700AAA703 /* MinimalistBudget.app */,
			);
			name = Products;
			sourceTree = "<group>";
		};
		862CC6CE28F400B700AAA703 /* MinimalistBudget */ = {
			isa = PBXGroup;
			children = (
				862CC6EF28F40C7400AAA703 /* Support */,
				8655560428F451A500B2EDEA /* Model */,
				862CC6EC28F40C5A00AAA703 /* View */,
				8655560528F451AD00B2EDEA /* ViewModel */,
				862CC6F028F40C8900AAA703 /* Utils */,
				862CC6D528F400B900AAA703 /* Preview Content */,
			);
			path = MinimalistBudget;
			sourceTree = "<group>";
		};
		862CC6D528F400B900AAA703 /* Preview Content */ = {
			isa = PBXGroup;
			children = (
				862CC6D628F400B900AAA703 /* Preview Assets.xcassets */,
			);
			path = "Preview Content";
			sourceTree = "<group>";
		};
		862CC6EC28F40C5A00AAA703 /* View */ = {
			isa = PBXGroup;
			children = (
				862CC6EE28F40C6900AAA703 /* Components */,
				862CC6ED28F40C6000AAA703 /* Screens */,
			);
			path = View;
			sourceTree = "<group>";
		};
		862CC6ED28F40C6000AAA703 /* Screens */ = {
			isa = PBXGroup;
			children = (
				862CC6D128F400B700AAA703 /* HomeView.swift */,
				862CC6EA28F40C4D00AAA703 /* AmountView.swift */,
			);
			path = Screens;
			sourceTree = "<group>";
		};
		862CC6EE28F40C6900AAA703 /* Components */ = {
			isa = PBXGroup;
			children = (
				862CC6E428F40BD500AAA703 /* CategoryLine.swift */,
				862CC6E828F40C1600AAA703 /* PlusButton.swift */,
				862CC6E628F40C0A00AAA703 /* Title.swift */,
				862CC6F228F40E7900AAA703 /* ProgressBar.swift */,
			);
			path = Components;
			sourceTree = "<group>";
		};
		862CC6EF28F40C7400AAA703 /* Support */ = {
			isa = PBXGroup;
			children = (
				862CC6D328F400B900AAA703 /* Assets.xcassets */,
				862CC6CF28F400B700AAA703 /* MinimalistBudgetApp.swift */,
			);
			path = Support;
			sourceTree = "<group>";
		};
		862CC6F028F40C8900AAA703 /* Utils */ = {
			isa = PBXGroup;
			children = (
				862CC6E228F40BC300AAA703 /* String+Ext.swift */,
				862CC6F428F41A1D00AAA703 /* Double+Ext.swift */,
			);
			path = Utils;
			sourceTree = "<group>";
		};
		8655560428F451A500B2EDEA /* Model */ = {
			isa = PBXGroup;
			children = (
				8655560028F4434D00B2EDEA /* Expense.swift */,
			);
			path = Model;
			sourceTree = "<group>";
		};
		8655560528F451AD00B2EDEA /* ViewModel */ = {
			isa = PBXGroup;
			children = (
				8655560228F4519E00B2EDEA /* HomeViewViewModel.swift */,
			);
			path = ViewModel;
			sourceTree = "<group>";
		};
/* End PBXGroup section */

/* Begin PBXNativeTarget section */
		862CC6CB28F400B700AAA703 /* MinimalistBudget */ = {
			isa = PBXNativeTarget;
			buildConfigurationList = 862CC6DA28F400B900AAA703 /* Build configuration list for PBXNativeTarget "MinimalistBudget" */;
			buildPhases = (
				862CC6C828F400B700AAA703 /* Sources */,
				862CC6C928F400B700AAA703 /* Frameworks */,
				862CC6CA28F400B700AAA703 /* Resources */,
			);
			buildRules = (
			);
			dependencies = (
			);
			name = MinimalistBudget;
			packageProductDependencies = (
				862CC6DE28F403BF00AAA703 /* Realm */,
				862CC6E028F403BF00AAA703 /* RealmSwift */,
			);
			productName = MinimalistBudget;
			productReference = 862CC6CC28F400B700AAA703 /* MinimalistBudget.app */;
			productType = "com.apple.product-type.application";
		};
/* End PBXNativeTarget section */

/* Begin PBXProject section */
		862CC6C428F400B700AAA703 /* Project object */ = {
			isa = PBXProject;
			attributes = {
				BuildIndependentTargetsInParallel = 1;
				LastSwiftUpdateCheck = 1340;
				LastUpgradeCheck = 1340;
				TargetAttributes = {
					862CC6CB28F400B700AAA703 = {
						CreatedOnToolsVersion = 13.4.1;
					};
				};
			};
			buildConfigurationList = 862CC6C728F400B700AAA703 /* Build configuration list for PBXProject "MinimalistBudget" */;
			compatibilityVersion = "Xcode 13.0";
			developmentRegion = en;
			hasScannedForEncodings = 0;
			knownRegions = (
				en,
				Base,
			);
			mainGroup = 862CC6C328F400B700AAA703;
			packageReferences = (
				862CC6DD28F403BF00AAA703 /* XCRemoteSwiftPackageReference "realm-swift" */,
			);
			productRefGroup = 862CC6CD28F400B700AAA703 /* Products */;
			projectDirPath = "";
			projectRoot = "";
			targets = (
				862CC6CB28F400B700AAA703 /* MinimalistBudget */,
			);
		};
/* End PBXProject section */

/* Begin PBXResourcesBuildPhase section */
		862CC6CA28F400B700AAA703 /* Resources */ = {
			isa = PBXResourcesBuildPhase;
			buildActionMask = 2147483647;
			files = (
				862CC6D728F400B900AAA703 /* Preview Assets.xcassets in Resources */,
				862CC6D428F400B900AAA703 /* Assets.xcassets in Resources */,
			);
			runOnlyForDeploymentPostprocessing = 0;
		};
/* End PBXResourcesBuildPhase section */

/* Begin PBXSourcesBuildPhase section */
		862CC6C828F400B700AAA703 /* Sources */ = {
			isa = PBXSourcesBuildPhase;
			buildActionMask = 2147483647;
			files = (
				862CC6EB28F40C4D00AAA703 /* AmountView.swift in Sources */,
				862CC6E728F40C0A00AAA703 /* Title.swift in Sources */,
				862CC6E328F40BC300AAA703 /* String+Ext.swift in Sources */,
				862CC6D228F400B700AAA703 /* HomeView.swift in Sources */,
				8655560128F4434D00B2EDEA /* Expense.swift in Sources */,
				862CC6D028F400B700AAA703 /* MinimalistBudgetApp.swift in Sources */,
				862CC6E528F40BD500AAA703 /* CategoryLine.swift in Sources */,
				8655560328F4519E00B2EDEA /* HomeViewViewModel.swift in Sources */,
				862CC6F328F40E7900AAA703 /* ProgressBar.swift in Sources */,
				862CC6E928F40C1600AAA703 /* PlusButton.swift in Sources */,
				862CC6F528F41A1D00AAA703 /* Double+Ext.swift in Sources */,
			);
			runOnlyForDeploymentPostprocessing = 0;
		};
/* End PBXSourcesBuildPhase section */

/* Begin XCBuildConfiguration section */
		862CC6D828F400B900AAA703 /* Debug */ = {
			isa = XCBuildConfiguration;
			buildSettings = {
				ALWAYS_SEARCH_USER_PATHS = NO;
				CLANG_ANALYZER_NONNULL = YES;
				CLANG_ANALYZER_NUMBER_OBJECT_CONVERSION = YES_AGGRESSIVE;
				CLANG_CXX_LANGUAGE_STANDARD = "gnu++17";
				CLANG_ENABLE_MODULES = YES;
				CLANG_ENABLE_OBJC_ARC = YES;
				CLANG_ENABLE_OBJC_WEAK = YES;
				CLANG_WARN_BLOCK_CAPTURE_AUTORELEASING = YES;
				CLANG_WARN_BOOL_CONVERSION = YES;
				CLANG_WARN_COMMA = YES;
				CLANG_WARN_CONSTANT_CONVERSION = YES;
				CLANG_WARN_DEPRECATED_OBJC_IMPLEMENTATIONS = YES;
				CLANG_WARN_DIRECT_OBJC_ISA_USAGE = YES_ERROR;
				CLANG_WARN_DOCUMENTATION_COMMENTS = YES;
				CLANG_WARN_EMPTY_BODY = YES;
				CLANG_WARN_ENUM_CONVERSION = YES;
				CLANG_WARN_INFINITE_RECURSION = YES;
				CLANG_WARN_INT_CONVERSION = YES;
				CLANG_WARN_NON_LITERAL_NULL_CONVERSION = YES;
				CLANG_WARN_OBJC_IMPLICIT_RETAIN_SELF = YES;
				CLANG_WARN_OBJC_LITERAL_CONVERSION = YES;
				CLANG_WARN_OBJC_ROOT_CLASS = YES_ERROR;
				CLANG_WARN_QUOTED_INCLUDE_IN_FRAMEWORK_HEADER = YES;
				CLANG_WARN_RANGE_LOOP_ANALYSIS = YES;
				CLANG_WARN_STRICT_PROTOTYPES = YES;
				CLANG_WARN_SUSPICIOUS_MOVE = YES;
				CLANG_WARN_UNGUARDED_AVAILABILITY = YES_AGGRESSIVE;
				CLANG_WARN_UNREACHABLE_CODE = YES;
				CLANG_WARN__DUPLICATE_METHOD_MATCH = YES;
				COPY_PHASE_STRIP = NO;
				DEBUG_INFORMATION_FORMAT = dwarf;
				ENABLE_STRICT_OBJC_MSGSEND = YES;
				ENABLE_TESTABILITY = YES;
				GCC_C_LANGUAGE_STANDARD = gnu11;
				GCC_DYNAMIC_NO_PIC = NO;
				GCC_NO_COMMON_BLOCKS = YES;
				GCC_OPTIMIZATION_LEVEL = 0;
				GCC_PREPROCESSOR_DEFINITIONS = (
					"DEBUG=1",
					"$(inherited)",
				);
				GCC_WARN_64_TO_32_BIT_CONVERSION = YES;
				GCC_WARN_ABOUT_RETURN_TYPE = YES_ERROR;
				GCC_WARN_UNDECLARED_SELECTOR = YES;
				GCC_WARN_UNINITIALIZED_AUTOS = YES_AGGRESSIVE;
				GCC_WARN_UNUSED_FUNCTION = YES;
				GCC_WARN_UNUSED_VARIABLE = YES;
				IPHONEOS_DEPLOYMENT_TARGET = 15.5;
				MTL_ENABLE_DEBUG_INFO = INCLUDE_SOURCE;
				MTL_FAST_MATH = YES;
				ONLY_ACTIVE_ARCH = YES;
				SDKROOT = iphoneos;
				SWIFT_ACTIVE_COMPILATION_CONDITIONS = DEBUG;
				SWIFT_OPTIMIZATION_LEVEL = "-Onone";
			};
			name = Debug;
		};
		862CC6D928F400B900AAA703 /* Release */ = {
			isa = XCBuildConfiguration;
			buildSettings = {
				ALWAYS_SEARCH_USER_PATHS = NO;
				CLANG_ANALYZER_NONNULL = YES;
				CLANG_ANALYZER_NUMBER_OBJECT_CONVERSION = YES_AGGRESSIVE;
				CLANG_CXX_LANGUAGE_STANDARD = "gnu++17";
				CLANG_ENABLE_MODULES = YES;
				CLANG_ENABLE_OBJC_ARC = YES;
				CLANG_ENABLE_OBJC_WEAK = YES;
				CLANG_WARN_BLOCK_CAPTURE_AUTORELEASING = YES;
				CLANG_WARN_BOOL_CONVERSION = YES;
				CLANG_WARN_COMMA = YES;
				CLANG_WARN_CONSTANT_CONVERSION = YES;
				CLANG_WARN_DEPRECATED_OBJC_IMPLEMENTATIONS = YES;
				CLANG_WARN_DIRECT_OBJC_ISA_USAGE = YES_ERROR;
				CLANG_WARN_DOCUMENTATION_COMMENTS = YES;
				CLANG_WARN_EMPTY_BODY = YES;
				CLANG_WARN_ENUM_CONVERSION = YES;
				CLANG_WARN_INFINITE_RECURSION = YES;
				CLANG_WARN_INT_CONVERSION = YES;
				CLANG_WARN_NON_LITERAL_NULL_CONVERSION = YES;
				CLANG_WARN_OBJC_IMPLICIT_RETAIN_SELF = YES;
				CLANG_WARN_OBJC_LITERAL_CONVERSION = YES;
				CLANG_WARN_OBJC_ROOT_CLASS = YES_ERROR;
				CLANG_WARN_QUOTED_INCLUDE_IN_FRAMEWORK_HEADER = YES;
				CLANG_WARN_RANGE_LOOP_ANALYSIS = YES;
				CLANG_WARN_STRICT_PROTOTYPES = YES;
				CLANG_WARN_SUSPICIOUS_MOVE = YES;
				CLANG_WARN_UNGUARDED_AVAILABILITY = YES_AGGRESSIVE;
				CLANG_WARN_UNREACHABLE_CODE = YES;
				CLANG_WARN__DUPLICATE_METHOD_MATCH = YES;
				COPY_PHASE_STRIP = NO;
				DEBUG_INFORMATION_FORMAT = "dwarf-with-dsym";
				ENABLE_NS_ASSERTIONS = NO;
				ENABLE_STRICT_OBJC_MSGSEND = YES;
				GCC_C_LANGUAGE_STANDARD = gnu11;
				GCC_NO_COMMON_BLOCKS = YES;
				GCC_WARN_64_TO_32_BIT_CONVERSION = YES;
				GCC_WARN_ABOUT_RETURN_TYPE = YES_ERROR;
				GCC_WARN_UNDECLARED_SELECTOR = YES;
				GCC_WARN_UNINITIALIZED_AUTOS = YES_AGGRESSIVE;
				GCC_WARN_UNUSED_FUNCTION = YES;
				GCC_WARN_UNUSED_VARIABLE = YES;
				IPHONEOS_DEPLOYMENT_TARGET = 15.5;
				MTL_ENABLE_DEBUG_INFO = NO;
				MTL_FAST_MATH = YES;
				SDKROOT = iphoneos;
				SWIFT_COMPILATION_MODE = wholemodule;
				SWIFT_OPTIMIZATION_LEVEL = "-O";
				VALIDATE_PRODUCT = YES;
			};
			name = Release;
		};
		862CC6DB28F400B900AAA703 /* Debug */ = {
			isa = XCBuildConfiguration;
			buildSettings = {
				ASSETCATALOG_COMPILER_APPICON_NAME = AppIcon;
				ASSETCATALOG_COMPILER_GLOBAL_ACCENT_COLOR_NAME = AccentColor;
				CODE_SIGN_STYLE = Automatic;
				CURRENT_PROJECT_VERSION = 1;
				DEVELOPMENT_ASSET_PATHS = "\"MinimalistBudget/Preview Content\"";
				DEVELOPMENT_TEAM = N96T5K2D2H;
				ENABLE_PREVIEWS = YES;
				GENERATE_INFOPLIST_FILE = YES;
				INFOPLIST_KEY_UIApplicationSceneManifest_Generation = YES;
				INFOPLIST_KEY_UIApplicationSupportsIndirectInputEvents = YES;
				INFOPLIST_KEY_UILaunchScreen_Generation = YES;
				INFOPLIST_KEY_UISupportedInterfaceOrientations_iPad = "UIInterfaceOrientationPortrait UIInterfaceOrientationPortraitUpsideDown UIInterfaceOrientationLandscapeLeft UIInterfaceOrientationLandscapeRight";
				INFOPLIST_KEY_UISupportedInterfaceOrientations_iPhone = "UIInterfaceOrientationPortrait UIInterfaceOrientationLandscapeLeft UIInterfaceOrientationLandscapeRight";
				LD_RUNPATH_SEARCH_PATHS = (
					"$(inherited)",
					"@executable_path/Frameworks",
				);
				MARKETING_VERSION = 1.0;
				PRODUCT_BUNDLE_IDENTIFIER = oriapy.MinimalistBudget;
				PRODUCT_NAME = "$(TARGET_NAME)";
				SWIFT_EMIT_LOC_STRINGS = YES;
				SWIFT_VERSION = 5.0;
				TARGETED_DEVICE_FAMILY = "1,2";
			};
			name = Debug;
		};
		862CC6DC28F400B900AAA703 /* Release */ = {
			isa = XCBuildConfiguration;
			buildSettings = {
				ASSETCATALOG_COMPILER_APPICON_NAME = AppIcon;
				ASSETCATALOG_COMPILER_GLOBAL_ACCENT_COLOR_NAME = AccentColor;
				CODE_SIGN_STYLE = Automatic;
				CURRENT_PROJECT_VERSION = 1;
				DEVELOPMENT_ASSET_PATHS = "\"MinimalistBudget/Preview Content\"";
				DEVELOPMENT_TEAM = N96T5K2D2H;
				ENABLE_PREVIEWS = YES;
				GENERATE_INFOPLIST_FILE = YES;
				INFOPLIST_KEY_UIApplicationSceneManifest_Generation = YES;
				INFOPLIST_KEY_UIApplicationSupportsIndirectInputEvents = YES;
				INFOPLIST_KEY_UILaunchScreen_Generation = YES;
				INFOPLIST_KEY_UISupportedInterfaceOrientations_iPad = "UIInterfaceOrientationPortrait UIInterfaceOrientationPortraitUpsideDown UIInterfaceOrientationLandscapeLeft UIInterfaceOrientationLandscapeRight";
				INFOPLIST_KEY_UISupportedInterfaceOrientations_iPhone = "UIInterfaceOrientationPortrait UIInterfaceOrientationLandscapeLeft UIInterfaceOrientationLandscapeRight";
				LD_RUNPATH_SEARCH_PATHS = (
					"$(inherited)",
					"@executable_path/Frameworks",
				);
				MARKETING_VERSION = 1.0;
				PRODUCT_BUNDLE_IDENTIFIER = oriapy.MinimalistBudget;
				PRODUCT_NAME = "$(TARGET_NAME)";
				SWIFT_EMIT_LOC_STRINGS = YES;
				SWIFT_VERSION = 5.0;
				TARGETED_DEVICE_FAMILY = "1,2";
			};
			name = Release;
		};
/* End XCBuildConfiguration section */

/* Begin XCConfigurationList section */
		862CC6C728F400B700AAA703 /* Build configuration list for PBXProject "MinimalistBudget" */ = {
			isa = XCConfigurationList;
			buildConfigurations = (
				862CC6D828F400B900AAA703 /* Debug */,
				862CC6D928F400B900AAA703 /* Release */,
			);
			defaultConfigurationIsVisible = 0;
			defaultConfigurationName = Release;
		};
		862CC6DA28F400B900AAA703 /* Build configuration list for PBXNativeTarget "MinimalistBudget" */ = {
			isa = XCConfigurationList;
			buildConfigurations = (
				862CC6DB28F400B900AAA703 /* Debug */,
				862CC6DC28F400B900AAA703 /* Release */,
			);
			defaultConfigurationIsVisible = 0;
			defaultConfigurationName = Release;
		};
/* End XCConfigurationList section */

/* Begin XCRemoteSwiftPackageReference section */
		862CC6DD28F403BF00AAA703 /* XCRemoteSwiftPackageReference "realm-swift" */ = {
			isa = XCRemoteSwiftPackageReference;
			repositoryURL = "https://github.com/realm/realm-swift.git";
			requirement = {
				branch = master;
				kind = branch;
			};
		};
/* End XCRemoteSwiftPackageReference section */

/* Begin XCSwiftPackageProductDependency section */
		862CC6DE28F403BF00AAA703 /* Realm */ = {
			isa = XCSwiftPackageProductDependency;
			package = 862CC6DD28F403BF00AAA703 /* XCRemoteSwiftPackageReference "realm-swift" */;
			productName = Realm;
		};
		862CC6E028F403BF00AAA703 /* RealmSwift */ = {
			isa = XCSwiftPackageProductDependency;
			package = 862CC6DD28F403BF00AAA703 /* XCRemoteSwiftPackageReference "realm-swift" */;
			productName = RealmSwift;
		};
/* End XCSwiftPackageProductDependency section */
	};
	rootObject = 862CC6C428F400B700AAA703 /* Project object */;
}
